// !$*UTF8*$!
{
	archiveVersion = 1;
	classes = {
	};
	objectVersion = 46;
	objects = {

/* Begin PBXBuildFile section */
		68FB36801EFE7E76005C2522 /* AppDelegate.swift in Sources */ = {isa = PBXBuildFile; fileRef = 68FB367F1EFE7E76005C2522 /* AppDelegate.swift */; };
		68FB36821EFE7E76005C2522 /* SearchVC.swift in Sources */ = {isa = PBXBuildFile; fileRef = 68FB36811EFE7E76005C2522 /* SearchVC.swift */; };
		68FB36851EFE7E76005C2522 /* Main.storyboard in Resources */ = {isa = PBXBuildFile; fileRef = 68FB36831EFE7E76005C2522 /* Main.storyboard */; };
		68FB368A1EFE7E76005C2522 /* LaunchScreen.storyboard in Resources */ = {isa = PBXBuildFile; fileRef = 68FB36881EFE7E76005C2522 /* LaunchScreen.storyboard */; };
		68FB36921EFE7F5A005C2522 /* Assets.xcassets in Resources */ = {isa = PBXBuildFile; fileRef = 68FB36911EFE7F5A005C2522 /* Assets.xcassets */; };
		68FB36941EFE89E3005C2522 /* SearchDetailVC.swift in Sources */ = {isa = PBXBuildFile; fileRef = 68FB36931EFE89E3005C2522 /* SearchDetailVC.swift */; };
		68FB36961EFE8CA6005C2522 /* TabBarVC.swift in Sources */ = {isa = PBXBuildFile; fileRef = 68FB36951EFE8CA6005C2522 /* TabBarVC.swift */; };
		68FB369B1EFE9D27005C2522 /* RestApiService.swift in Sources */ = {isa = PBXBuildFile; fileRef = 68FB369A1EFE9D27005C2522 /* RestApiService.swift */; };
		68FB369D1EFE9D9D005C2522 /* Synonym.swift in Sources */ = {isa = PBXBuildFile; fileRef = 68FB369C1EFE9D9D005C2522 /* Synonym.swift */; };
		68FB369F1EFEBEDB005C2522 /* JDropDownAlert.swift in Sources */ = {isa = PBXBuildFile; fileRef = 68FB369E1EFEBEDB005C2522 /* JDropDownAlert.swift */; };
		68FB36A11EFEC280005C2522 /* SavedVC.swift in Sources */ = {isa = PBXBuildFile; fileRef = 68FB36A01EFEC280005C2522 /* SavedVC.swift */; };
		68FB36A31EFEC734005C2522 /* RealmManager.swift in Sources */ = {isa = PBXBuildFile; fileRef = 68FB36A21EFEC734005C2522 /* RealmManager.swift */; };
		68FB36A51EFEC7BB005C2522 /* SavedDetailVC.swift in Sources */ = {isa = PBXBuildFile; fileRef = 68FB36A41EFEC7BB005C2522 /* SavedDetailVC.swift */; };
		DCC4D83E09DBB4C6A0393FEA /* Pods_Synonyms_finder.framework in Frameworks */ = {isa = PBXBuildFile; fileRef = 64139EB8D7DFE6272E193F7A /* Pods_Synonyms_finder.framework */; };
/* End PBXBuildFile section */

/* Begin PBXFileReference section */
		64139EB8D7DFE6272E193F7A /* Pods_Synonyms_finder.framework */ = {isa = PBXFileReference; explicitFileType = wrapper.framework; includeInIndex = 0; path = Pods_Synonyms_finder.framework; sourceTree = BUILT_PRODUCTS_DIR; };
		68FB367C1EFE7E76005C2522 /* Synonyms finder.app */ = {isa = PBXFileReference; explicitFileType = wrapper.application; includeInIndex = 0; path = "Synonyms finder.app"; sourceTree = BUILT_PRODUCTS_DIR; };
		68FB367F1EFE7E76005C2522 /* AppDelegate.swift */ = {isa = PBXFileReference; lastKnownFileType = sourcecode.swift; path = AppDelegate.swift; sourceTree = "<group>"; };
		68FB36811EFE7E76005C2522 /* SearchVC.swift */ = {isa = PBXFileReference; lastKnownFileType = sourcecode.swift; path = SearchVC.swift; sourceTree = "<group>"; };
		68FB36841EFE7E76005C2522 /* Base */ = {isa = PBXFileReference; lastKnownFileType = file.storyboard; name = Base; path = Base.lproj/Main.storyboard; sourceTree = "<group>"; };
		68FB36891EFE7E76005C2522 /* Base */ = {isa = PBXFileReference; lastKnownFileType = file.storyboard; name = Base; path = Base.lproj/LaunchScreen.storyboard; sourceTree = "<group>"; };
		68FB368B1EFE7E76005C2522 /* Info.plist */ = {isa = PBXFileReference; lastKnownFileType = text.plist.xml; path = Info.plist; sourceTree = "<group>"; };
		68FB36911EFE7F5A005C2522 /* Assets.xcassets */ = {isa = PBXFileReference; lastKnownFileType = folder.assetcatalog; path = Assets.xcassets; sourceTree = "<group>"; };
		68FB36931EFE89E3005C2522 /* SearchDetailVC.swift */ = {isa = PBXFileReference; fileEncoding = 4; lastKnownFileType = sourcecode.swift; path = SearchDetailVC.swift; sourceTree = "<group>"; };
		68FB36951EFE8CA6005C2522 /* TabBarVC.swift */ = {isa = PBXFileReference; fileEncoding = 4; lastKnownFileType = sourcecode.swift; path = TabBarVC.swift; sourceTree = "<group>"; };
		68FB369A1EFE9D27005C2522 /* RestApiService.swift */ = {isa = PBXFileReference; fileEncoding = 4; lastKnownFileType = sourcecode.swift; path = RestApiService.swift; sourceTree = "<group>"; };
		68FB369C1EFE9D9D005C2522 /* Synonym.swift */ = {isa = PBXFileReference; fileEncoding = 4; lastKnownFileType = sourcecode.swift; path = Synonym.swift; sourceTree = "<group>"; };
		68FB369E1EFEBEDB005C2522 /* JDropDownAlert.swift */ = {isa = PBXFileReference; fileEncoding = 4; lastKnownFileType = sourcecode.swift; path = JDropDownAlert.swift; sourceTree = "<group>"; };
		68FB36A01EFEC280005C2522 /* SavedVC.swift */ = {isa = PBXFileReference; fileEncoding = 4; lastKnownFileType = sourcecode.swift; path = SavedVC.swift; sourceTree = "<group>"; };
		68FB36A21EFEC734005C2522 /* RealmManager.swift */ = {isa = PBXFileReference; fileEncoding = 4; lastKnownFileType = sourcecode.swift; path = RealmManager.swift; sourceTree = "<group>"; };
		68FB36A41EFEC7BB005C2522 /* SavedDetailVC.swift */ = {isa = PBXFileReference; fileEncoding = 4; lastKnownFileType = sourcecode.swift; path = SavedDetailVC.swift; sourceTree = "<group>"; };
		B0997292BC50F1136A3982BD /* Pods-Synonyms finder.release.xcconfig */ = {isa = PBXFileReference; includeInIndex = 1; lastKnownFileType = text.xcconfig; name = "Pods-Synonyms finder.release.xcconfig"; path = "Pods/Target Support Files/Pods-Synonyms finder/Pods-Synonyms finder.release.xcconfig"; sourceTree = "<group>"; };
		F339BEB4C36D64BA9F8D8D95 /* Pods-Synonyms finder.debug.xcconfig */ = {isa = PBXFileReference; includeInIndex = 1; lastKnownFileType = text.xcconfig; name = "Pods-Synonyms finder.debug.xcconfig"; path = "Pods/Target Support Files/Pods-Synonyms finder/Pods-Synonyms finder.debug.xcconfig"; sourceTree = "<group>"; };
/* End PBXFileReference section */

/* Begin PBXFrameworksBuildPhase section */
		68FB36791EFE7E76005C2522 /* Frameworks */ = {
			isa = PBXFrameworksBuildPhase;
			buildActionMask = 2147483647;
			files = (
				DCC4D83E09DBB4C6A0393FEA /* Pods_Synonyms_finder.framework in Frameworks */,
			);
			runOnlyForDeploymentPostprocessing = 0;
		};
/* End PBXFrameworksBuildPhase section */

/* Begin PBXGroup section */
		31DFBDAC283DB4B1C9DDF3B1 /* Pods */ = {
			isa = PBXGroup;
			children = (
				F339BEB4C36D64BA9F8D8D95 /* Pods-Synonyms finder.debug.xcconfig */,
				B0997292BC50F1136A3982BD /* Pods-Synonyms finder.release.xcconfig */,
			);
			name = Pods;
			sourceTree = "<group>";
		};
		4E4719EC2B2CF95F297B4B60 /* Frameworks */ = {
			isa = PBXGroup;
			children = (
				68FB369E1EFEBEDB005C2522 /* JDropDownAlert.swift */,
				64139EB8D7DFE6272E193F7A /* Pods_Synonyms_finder.framework */,
			);
			name = Frameworks;
			sourceTree = "<group>";
		};
		68FB36731EFE7E76005C2522 = {
			isa = PBXGroup;
			children = (
				68FB367E1EFE7E76005C2522 /* Synonyms finder */,
				68FB367D1EFE7E76005C2522 /* Products */,
				31DFBDAC283DB4B1C9DDF3B1 /* Pods */,
				4E4719EC2B2CF95F297B4B60 /* Frameworks */,
			);
			sourceTree = "<group>";
		};
		68FB367D1EFE7E76005C2522 /* Products */ = {
			isa = PBXGroup;
			children = (
				68FB367C1EFE7E76005C2522 /* Synonyms finder.app */,
			);
			name = Products;
			sourceTree = "<group>";
		};
		68FB367E1EFE7E76005C2522 /* Synonyms finder */ = {
			isa = PBXGroup;
			children = (
				68FB36951EFE8CA6005C2522 /* TabBarVC.swift */,
				68FB367F1EFE7E76005C2522 /* AppDelegate.swift */,
				68FB36991EFE9CF0005C2522 /* Model */,
				68FB36971EFE8D98005C2522 /* SearchVC */,
				68FB36981EFE8DAF005C2522 /* SavedVC */,
				68FB36911EFE7F5A005C2522 /* Assets.xcassets */,
				68FB36831EFE7E76005C2522 /* Main.storyboard */,
				68FB36881EFE7E76005C2522 /* LaunchScreen.storyboard */,
				68FB368B1EFE7E76005C2522 /* Info.plist */,
			);
			path = "Synonyms finder";
			sourceTree = "<group>";
		};
		68FB36971EFE8D98005C2522 /* SearchVC */ = {
			isa = PBXGroup;
			children = (
				68FB36811EFE7E76005C2522 /* SearchVC.swift */,
				68FB36931EFE89E3005C2522 /* SearchDetailVC.swift */,
			);
			name = SearchVC;
			sourceTree = "<group>";
		};
		68FB36981EFE8DAF005C2522 /* SavedVC */ = {
			isa = PBXGroup;
			children = (
				68FB36A01EFEC280005C2522 /* SavedVC.swift */,
				68FB36A41EFEC7BB005C2522 /* SavedDetailVC.swift */,
			);
			name = SavedVC;
			sourceTree = "<group>";
		};
		68FB36991EFE9CF0005C2522 /* Model */ = {
			isa = PBXGroup;
			children = (
				68FB369A1EFE9D27005C2522 /* RestApiService.swift */,
				68FB36A21EFEC734005C2522 /* RealmManager.swift */,
				68FB369C1EFE9D9D005C2522 /* Synonym.swift */,
			);
			name = Model;
			sourceTree = "<group>";
		};
/* End PBXGroup section */

/* Begin PBXNativeTarget section */
		68FB367B1EFE7E76005C2522 /* Synonyms finder */ = {
			isa = PBXNativeTarget;
			buildConfigurationList = 68FB368E1EFE7E76005C2522 /* Build configuration list for PBXNativeTarget "Synonyms finder" */;
			buildPhases = (
				DC7EA2C00F27CD7074E5D448 /* [CP] Check Pods Manifest.lock */,
				68FB36781EFE7E76005C2522 /* Sources */,
				68FB36791EFE7E76005C2522 /* Frameworks */,
				68FB367A1EFE7E76005C2522 /* Resources */,
				B83204E4BD203490EAEDD75D /* [CP] Embed Pods Frameworks */,
				D1C61AD409D769030287EB8D /* [CP] Copy Pods Resources */,
			);
			buildRules = (
			);
			dependencies = (
			);
			name = "Synonyms finder";
			productName = "Synonyms finder";
			productReference = 68FB367C1EFE7E76005C2522 /* Synonyms finder.app */;
			productType = "com.apple.product-type.application";
		};
/* End PBXNativeTarget section */

/* Begin PBXProject section */
		68FB36741EFE7E76005C2522 /* Project object */ = {
			isa = PBXProject;
			attributes = {
				LastSwiftUpdateCheck = 0830;
				LastUpgradeCheck = 0830;
				ORGANIZATIONNAME = ios.monster;
				TargetAttributes = {
					68FB367B1EFE7E76005C2522 = {
						CreatedOnToolsVersion = 8.3.3;
						ProvisioningStyle = Automatic;
					};
				};
			};
			buildConfigurationList = 68FB36771EFE7E76005C2522 /* Build configuration list for PBXProject "Synonyms finder" */;
			compatibilityVersion = "Xcode 3.2";
			developmentRegion = English;
			hasScannedForEncodings = 0;
			knownRegions = (
				en,
				Base,
			);
			mainGroup = 68FB36731EFE7E76005C2522;
			productRefGroup = 68FB367D1EFE7E76005C2522 /* Products */;
			projectDirPath = "";
			projectRoot = "";
			targets = (
				68FB367B1EFE7E76005C2522 /* Synonyms finder */,
			);
		};
/* End PBXProject section */

/* Begin PBXResourcesBuildPhase section */
		68FB367A1EFE7E76005C2522 /* Resources */ = {
			isa = PBXResourcesBuildPhase;
			buildActionMask = 2147483647;
			files = (
				68FB368A1EFE7E76005C2522 /* LaunchScreen.storyboard in Resources */,
				68FB36851EFE7E76005C2522 /* Main.storyboard in Resources */,
				68FB36921EFE7F5A005C2522 /* Assets.xcassets in Resources */,
			);
			runOnlyForDeploymentPostprocessing = 0;
		};
/* End PBXResourcesBuildPhase section */

/* Begin PBXShellScriptBuildPhase section */
		B83204E4BD203490EAEDD75D /* [CP] Embed Pods Frameworks */ = {
			isa = PBXShellScriptBuildPhase;
			buildActionMask = 2147483647;
			files = (
			);
			inputPaths = (
			);
			name = "[CP] Embed Pods Frameworks";
			outputPaths = (
			);
			runOnlyForDeploymentPostprocessing = 0;
			shellPath = /bin/sh;
			shellScript = "\"${SRCROOT}/Pods/Target Support Files/Pods-Synonyms finder/Pods-Synonyms finder-frameworks.sh\"\n";
			showEnvVarsInLog = 0;
		};
		D1C61AD409D769030287EB8D /* [CP] Copy Pods Resources */ = {
			isa = PBXShellScriptBuildPhase;
			buildActionMask = 2147483647;
			files = (
			);
			inputPaths = (
			);
			name = "[CP] Copy Pods Resources";
			outputPaths = (
			);
			runOnlyForDeploymentPostprocessing = 0;
			shellPath = /bin/sh;
			shellScript = "\"${SRCROOT}/Pods/Target Support Files/Pods-Synonyms finder/Pods-Synonyms finder-resources.sh\"\n";
			showEnvVarsInLog = 0;
		};
		DC7EA2C00F27CD7074E5D448 /* [CP] Check Pods Manifest.lock */ = {
			isa = PBXShellScriptBuildPhase;
			buildActionMask = 2147483647;
			files = (
			);
			inputPaths = (
			);
			name = "[CP] Check Pods Manifest.lock";
			outputPaths = (
			);
			runOnlyForDeploymentPostprocessing = 0;
			shellPath = /bin/sh;
			shellScript = "diff \"${PODS_ROOT}/../Podfile.lock\" \"${PODS_ROOT}/Manifest.lock\" > /dev/null\nif [ $? != 0 ] ; then\n    # print error to STDERR\n    echo \"error: The sandbox is not in sync with the Podfile.lock. Run 'pod install' or update your CocoaPods installation.\" >&2\n    exit 1\nfi\n";
			showEnvVarsInLog = 0;
		};
/* End PBXShellScriptBuildPhase section */

/* Begin PBXSourcesBuildPhase section */
		68FB36781EFE7E76005C2522 /* Sources */ = {
			isa = PBXSourcesBuildPhase;
			buildActionMask = 2147483647;
			files = (
				68FB36821EFE7E76005C2522 /* SearchVC.swift in Sources */,
				68FB36A11EFEC280005C2522 /* SavedVC.swift in Sources */,
				68FB369B1EFE9D27005C2522 /* RestApiService.swift in Sources */,
				68FB36A51EFEC7BB005C2522 /* SavedDetailVC.swift in Sources */,
				68FB36801EFE7E76005C2522 /* AppDelegate.swift in Sources */,
				68FB36961EFE8CA6005C2522 /* TabBarVC.swift in Sources */,
				68FB36A31EFEC734005C2522 /* RealmManager.swift in Sources */,
				68FB36941EFE89E3005C2522 /* SearchDetailVC.swift in Sources */,
				68FB369F1EFEBEDB005C2522 /* JDropDownAlert.swift in Sources */,
				68FB369D1EFE9D9D005C2522 /* Synonym.swift in Sources */,
			);
			runOnlyForDeploymentPostprocessing = 0;
		};
/* End PBXSourcesBuildPhase section */

/* Begin PBXVariantGroup section */
		68FB36831EFE7E76005C2522 /* Main.storyboard */ = {
			isa = PBXVariantGroup;
			children = (
				68FB36841EFE7E76005C2522 /* Base */,
			);
			name = Main.storyboard;
			sourceTree = "<group>";
		};
		68FB36881EFE7E76005C2522 /* LaunchScreen.storyboard */ = {
			isa = PBXVariantGroup;
			children = (
				68FB36891EFE7E76005C2522 /* Base */,
			);
			name = LaunchScreen.storyboard;
			sourceTree = "<group>";
		};
/* End PBXVariantGroup section */

/* Begin XCBuildConfiguration section */
		68FB368C1EFE7E76005C2522 /* Debug */ = {
			isa = XCBuildConfiguration;
			buildSettings = {
				ALWAYS_SEARCH_USER_PATHS = NO;
				CLANG_ANALYZER_NONNULL = YES;
				CLANG_ANALYZER_NUMBER_OBJECT_CONVERSION = YES_AGGRESSIVE;
				CLANG_CXX_LANGUAGE_STANDARD = "gnu++0x";
				CLANG_CXX_LIBRARY = "libc++";
				CLANG_ENABLE_MODULES = YES;
				CLANG_ENABLE_OBJC_ARC = YES;
				CLANG_WARN_BOOL_CONVERSION = YES;
				CLANG_WARN_CONSTANT_CONVERSION = YES;
				CLANG_WARN_DIRECT_OBJC_ISA_USAGE = YES_ERROR;
				CLANG_WARN_DOCUMENTATION_COMMENTS = YES;
				CLANG_WARN_EMPTY_BODY = YES;
				CLANG_WARN_ENUM_CONVERSION = YES;
				CLANG_WARN_INFINITE_RECURSION = YES;
				CLANG_WARN_INT_CONVERSION = YES;
				CLANG_WARN_OBJC_ROOT_CLASS = YES_ERROR;
				CLANG_WARN_SUSPICIOUS_MOVE = YES;
				CLANG_WARN_UNREACHABLE_CODE = YES;
				CLANG_WARN__DUPLICATE_METHOD_MATCH = YES;
				"CODE_SIGN_IDENTITY[sdk=iphoneos*]" = "iPhone Developer";
				COPY_PHASE_STRIP = NO;
				DEBUG_INFORMATION_FORMAT = dwarf;
				ENABLE_STRICT_OBJC_MSGSEND = YES;
				ENABLE_TESTABILITY = YES;
				GCC_C_LANGUAGE_STANDARD = gnu99;
				GCC_DYNAMIC_NO_PIC = NO;
				GCC_NO_COMMON_BLOCKS = YES;
				GCC_OPTIMIZATION_LEVEL = 0;
				GCC_PREPROCESSOR_DEFINITIONS = (
					"DEBUG=1",
					"$(inherited)",
				);
				GCC_WARN_64_TO_32_BIT_CONVERSION = YES;
				GCC_WARN_ABOUT_RETURN_TYPE = YES_ERROR;
				GCC_WARN_UNDECLARED_SELECTOR = YES;
				GCC_WARN_UNINITIALIZED_AUTOS = YES_AGGRESSIVE;
				GCC_WARN_UNUSED_FUNCTION = YES;
				GCC_WARN_UNUSED_VARIABLE = YES;
				IPHONEOS_DEPLOYMENT_TARGET = 10.3;
				MTL_ENABLE_DEBUG_INFO = YES;
				ONLY_ACTIVE_ARCH = YES;
				SDKROOT = iphoneos;
				SWIFT_ACTIVE_COMPILATION_CONDITIONS = DEBUG;
				SWIFT_OPTIMIZATION_LEVEL = "-Onone";
			};
			name = Debug;
		};
		68FB368D1EFE7E76005C2522 /* Release */ = {
			isa = XCBuildConfiguration;
			buildSettings = {
				ALWAYS_SEARCH_USER_PATHS = NO;
				CLANG_ANALYZER_NONNULL = YES;
				CLANG_ANALYZER_NUMBER_OBJECT_CONVERSION = YES_AGGRESSIVE;
				CLANG_CXX_LANGUAGE_STANDARD = "gnu++0x";
				CLANG_CXX_LIBRARY = "libc++";
				CLANG_ENABLE_MODULES = YES;
				CLANG_ENABLE_OBJC_ARC = YES;
				CLANG_WARN_BOOL_CONVERSION = YES;
				CLANG_WARN_CONSTANT_CONVERSION = YES;
				CLANG_WARN_DIRECT_OBJC_ISA_USAGE = YES_ERROR;
				CLANG_WARN_DOCUMENTATION_COMMENTS = YES;
				CLANG_WARN_EMPTY_BODY = YES;
				CLANG_WARN_ENUM_CONVERSION = YES;
				CLANG_WARN_INFINITE_RECURSION = YES;
				CLANG_WARN_INT_CONVERSION = YES;
				CLANG_WARN_OBJC_ROOT_CLASS = YES_ERROR;
				CLANG_WARN_SUSPICIOUS_MOVE = YES;
				CLANG_WARN_UNREACHABLE_CODE = YES;
				CLANG_WARN__DUPLICATE_METHOD_MATCH = YES;
				"CODE_SIGN_IDENTITY[sdk=iphoneos*]" = "iPhone Developer";
				COPY_PHASE_STRIP = NO;
				DEBUG_INFORMATION_FORMAT = "dwarf-with-dsym";
				ENABLE_NS_ASSERTIONS = NO;
				ENABLE_STRICT_OBJC_MSGSEND = YES;
				GCC_C_LANGUAGE_STANDARD = gnu99;
				GCC_NO_COMMON_BLOCKS = YES;
				GCC_WARN_64_TO_32_BIT_CONVERSION = YES;
				GCC_WARN_ABOUT_RETURN_TYPE = YES_ERROR;
				GCC_WARN_UNDECLARED_SELECTOR = YES;
				GCC_WARN_UNINITIALIZED_AUTOS = YES_AGGRESSIVE;
				GCC_WARN_UNUSED_FUNCTION = YES;
				GCC_WARN_UNUSED_VARIABLE = YES;
				IPHONEOS_DEPLOYMENT_TARGET = 10.3;
				MTL_ENABLE_DEBUG_INFO = NO;
				SDKROOT = iphoneos;
				SWIFT_OPTIMIZATION_LEVEL = "-Owholemodule";
				VALIDATE_PRODUCT = YES;
			};
			name = Release;
		};
		68FB368F1EFE7E76005C2522 /* Debug */ = {
			isa = XCBuildConfiguration;
			baseConfigurationReference = F339BEB4C36D64BA9F8D8D95 /* Pods-Synonyms finder.debug.xcconfig */;
			buildSettings = {
				ASSETCATALOG_COMPILER_APPICON_NAME = AppIcon;
				INFOPLIST_FILE = "Synonyms finder/Info.plist";
				LD_RUNPATH_SEARCH_PATHS = "$(inherited) @executable_path/Frameworks";
				PRODUCT_BUNDLE_IDENTIFIER = "com.iosmonster.Synonyms-finder";
				PRODUCT_NAME = "$(TARGET_NAME)";
				SWIFT_VERSION = 3.0;
			};
			name = Debug;
		};
		68FB36901EFE7E76005C2522 /* Release */ = {
			isa = XCBuildConfiguration;
			baseConfigurationReference = B0997292BC50F1136A3982BD /* Pods-Synonyms finder.release.xcconfig */;
			buildSettings = {
				ASSETCATALOG_COMPILER_APPICON_NAME = AppIcon;
				INFOPLIST_FILE = "Synonyms finder/Info.plist";
				LD_RUNPATH_SEARCH_PATHS = "$(inherited) @executable_path/Frameworks";
				PRODUCT_BUNDLE_IDENTIFIER = "com.iosmonster.Synonyms-finder";
				PRODUCT_NAME = "$(TARGET_NAME)";
				SWIFT_VERSION = 3.0;
			};
			name = Release;
		};
/* End XCBuildConfiguration section */

/* Begin XCConfigurationList section */
		68FB36771EFE7E76005C2522 /* Build configuration list for PBXProject "Synonyms finder" */ = {
			isa = XCConfigurationList;
			buildConfigurations = (
				68FB368C1EFE7E76005C2522 /* Debug */,
				68FB368D1EFE7E76005C2522 /* Release */,
			);
			defaultConfigurationIsVisible = 0;
			defaultConfigurationName = Release;
		};
		68FB368E1EFE7E76005C2522 /* Build configuration list for PBXNativeTarget "Synonyms finder" */ = {
			isa = XCConfigurationList;
			buildConfigurations = (
				68FB368F1EFE7E76005C2522 /* Debug */,
				68FB36901EFE7E76005C2522 /* Release */,
			);
			defaultConfigurationIsVisible = 0;
			defaultConfigurationName = Release;
		};
/* End XCConfigurationList section */
	};
	rootObject = 68FB36741EFE7E76005C2522 /* Project object */;
}
